
Microsoft Visual Studio Solution File, Format Version 12.00
# Visual Studio Version 17
VisualStudioVersion = 17.8.34316.72
MinimumVisualStudioVersion = 10.0.40219.1
Project("{9A19103F-16F7-4668-BE54-9A1E7A4F7556}") = "VGSS.Domain", "src\VGSS.Domain\VGSS.Domain.csproj", "{A35D76FC-2CC7-4221-9EF9-04D418810046}"
EndProject
Project("{9A19103F-16F7-4668-BE54-9A1E7A4F7556}") = "VGSS.Application", "src\VGSS.Application\VGSS.Application.csproj", "{8535A91B-0A8D-482B-AC87-C4B20E4FC5B8}"
EndProject
Project("{9A19103F-16F7-4668-BE54-9A1E7A4F7556}") = "VGSS.MockPersistence", "src\VGSS.MockPersistence\VGSS.MockPersistence.csproj", "{0424EF1B-3A11-4ABD-8CD8-642EACF88C37}"
EndProject
Project("{9A19103F-16F7-4668-BE54-9A1E7A4F7556}") = "VGSS.Web", "src\VGSS.Web\VGSS.Web.csproj", "{91C5F3AF-3384-4414-B091-608047C6E5BF}"
EndProject
Project("{2150E333-8FDC-42A3-9474-1A3956D46DE8}") = "test", "test", "{ABB2CA62-515B-429B-B42D-74EA99349029}"
EndProject
Project("{9A19103F-16F7-4668-BE54-9A1E7A4F7556}") = "VGSS.TestCommon", "test\VGSS.TestCommon\VGSS.TestCommon.csproj", "{7F842E88-66EB-46EA-BB5C-956D5C46E0C5}"
EndProject
Project("{9A19103F-16F7-4668-BE54-9A1E7A4F7556}") = "VGSS.Domain.Test", "test\VGSS.Domain.Test\VGSS.Domain.Test.csproj", "{F75478C9-F492-47C2-A7EC-5CF56DED8E3A}"
EndProject
Global
	GlobalSection(SolutionConfigurationPlatforms) = preSolution
		Debug|Any CPU = Debug|Any CPU
		Release|Any CPU = Release|Any CPU
	EndGlobalSection
	GlobalSection(ProjectConfigurationPlatforms) = postSolution
		{A35D76FC-2CC7-4221-9EF9-04D418810046}.Debug|Any CPU.ActiveCfg = Debug|Any CPU
		{A35D76FC-2CC7-4221-9EF9-04D418810046}.Debug|Any CPU.Build.0 = Debug|Any CPU
		{A35D76FC-2CC7-4221-9EF9-04D418810046}.Release|Any CPU.ActiveCfg = Release|Any CPU
		{A35D76FC-2CC7-4221-9EF9-04D418810046}.Release|Any CPU.Build.0 = Release|Any CPU
		{8535A91B-0A8D-482B-AC87-C4B20E4FC5B8}.Debug|Any CPU.ActiveCfg = Debug|Any CPU
		{8535A91B-0A8D-482B-AC87-C4B20E4FC5B8}.Debug|Any CPU.Build.0 = Debug|Any CPU
		{8535A91B-0A8D-482B-AC87-C4B20E4FC5B8}.Release|Any CPU.ActiveCfg = Release|Any CPU
		{8535A91B-0A8D-482B-AC87-C4B20E4FC5B8}.Release|Any CPU.Build.0 = Release|Any CPU
		{0424EF1B-3A11-4ABD-8CD8-642EACF88C37}.Debug|Any CPU.ActiveCfg = Debug|Any CPU
		{0424EF1B-3A11-4ABD-8CD8-642EACF88C37}.Debug|Any CPU.Build.0 = Debug|Any CPU
		{0424EF1B-3A11-4ABD-8CD8-642EACF88C37}.Release|Any CPU.ActiveCfg = Release|Any CPU
		{0424EF1B-3A11-4ABD-8CD8-642EACF88C37}.Release|Any CPU.Build.0 = Release|Any CPU
		{91C5F3AF-3384-4414-B091-608047C6E5BF}.Debug|Any CPU.ActiveCfg = Debug|Any CPU
		{91C5F3AF-3384-4414-B091-608047C6E5BF}.Debug|Any CPU.Build.0 = Debug|Any CPU
		{91C5F3AF-3384-4414-B091-608047C6E5BF}.Release|Any CPU.ActiveCfg = Release|Any CPU
		{91C5F3AF-3384-4414-B091-608047C6E5BF}.Release|Any CPU.Build.0 = Release|Any CPU
		{7F842E88-66EB-46EA-BB5C-956D5C46E0C5}.Debug|Any CPU.ActiveCfg = Debug|Any CPU
		{7F842E88-66EB-46EA-BB5C-956D5C46E0C5}.Debug|Any CPU.Build.0 = Debug|Any CPU
		{7F842E88-66EB-46EA-BB5C-956D5C46E0C5}.Release|Any CPU.ActiveCfg = Release|Any CPU
		{7F842E88-66EB-46EA-BB5C-956D5C46E0C5}.Release|Any CPU.Build.0 = Release|Any CPU
		{F75478C9-F492-47C2-A7EC-5CF56DED8E3A}.Debug|Any CPU.ActiveCfg = Debug|Any CPU
		{F75478C9-F492-47C2-A7EC-5CF56DED8E3A}.Debug|Any CPU.Build.0 = Debug|Any CPU
		{F75478C9-F492-47C2-A7EC-5CF56DED8E3A}.Release|Any CPU.ActiveCfg = Release|Any CPU
		{F75478C9-F492-47C2-A7EC-5CF56DED8E3A}.Release|Any CPU.Build.0 = Release|Any CPU
	EndGlobalSection
	GlobalSection(SolutionProperties) = preSolution
		HideSolutionNode = FALSE
	EndGlobalSection
	GlobalSection(NestedProjects) = preSolution
		{7F842E88-66EB-46EA-BB5C-956D5C46E0C5} = {ABB2CA62-515B-429B-B42D-74EA99349029}
		{F75478C9-F492-47C2-A7EC-5CF56DED8E3A} = {ABB2CA62-515B-429B-B42D-74EA99349029}
	EndGlobalSection
	GlobalSection(ExtensibilityGlobals) = postSolution
		SolutionGuid = {A1738640-0818-4EF1-B646-78BF498F07D5}
	EndGlobalSection
EndGlobal
